
Microsoft Visual Studio Solution File, Format Version 12.00
# Visual Studio Version 17
VisualStudioVersion = 17.8.34330.188
MinimumVisualStudioVersion = 10.0.40219.1
Project("{FAE04EC0-301F-11D3-BF4B-00C04F79EFBC}") = "RestClient", "RestClient\RestClient.csproj", "{21A3020B-1913-4D42-9489-86F4117DF8BD}"
EndProject
Global
	GlobalSection(SolutionConfigurationPlatforms) = preSolution
		Debug|Any CPU = Debug|Any CPU
		Release|Any CPU = Release|Any CPU
	EndGlobalSection
	GlobalSection(ProjectConfigurationPlatforms) = postSolution
		{21A3020B-1913-4D42-9489-86F4117DF8BD}.Debug|Any CPU.ActiveCfg = Debug|Any CPU
		{21A3020B-1913-4D42-9489-86F4117DF8BD}.Debug|Any CPU.Build.0 = Debug|Any CPU
		{21A3020B-1913-4D42-9489-86F4117DF8BD}.Release|Any CPU.ActiveCfg = Release|Any CPU
		{21A3020B-1913-4D42-9489-86F4117DF8BD}.Release|Any CPU.Build.0 = Release|Any CPU
	EndGlobalSection
	GlobalSection(SolutionProperties) = preSolution
		HideSolutionNode = FALSE
	EndGlobalSection
	GlobalSection(ExtensibilityGlobals) = postSolution
		SolutionGuid = {D9882F99-7289-4F50-9D60-E05F57A26EC9}
	EndGlobalSection
EndGlobal
